Microsoft Visual Studio Solution File, Format Version 11.00
# Visual Studio 2008

Project("{B8FB32CA-A528-8D23-EF68-316E9339E31C}") = "CISC3660", "Assembly-CSharp-firstpass.csproj", "{E7489EED-81DE-80EA-4A3E-4F5344EE1163}"
EndProject
Project("{B8FB32CA-A528-8D23-EF68-316E9339E31C}") = "CISC3660", "Assembly-CSharp.csproj", "{3F2D8DF5-6462-A5D7-5F67-9F43C0372EE9}"
EndProject
Project("{B8FB32CA-A528-8D23-EF68-316E9339E31C}") = "CISC3660", "Assembly-CSharp-Editor.csproj", "{63FE51E1-D0D9-F914-263D-4AC8AA2E1010}"
EndProject
Global
	GlobalSection(SolutionConfigurationPlatforms) = preSolution
		Debug|Any CPU = Debug|Any CPU
		Release|Any CPU = Release|Any CPU
	EndGlobalSection
	GlobalSection(ProjectConfigurationPlatforms) = postSolution
		{E7489EED-81DE-80EA-4A3E-4F5344EE1163}.Debug|Any CPU.ActiveCfg = Debug|Any CPU
		{E7489EED-81DE-80EA-4A3E-4F5344EE1163}.Debug|Any CPU.Build.0 = Debug|Any CPU
		{E7489EED-81DE-80EA-4A3E-4F5344EE1163}.Release|Any CPU.ActiveCfg = Release|Any CPU
		{E7489EED-81DE-80EA-4A3E-4F5344EE1163}.Release|Any CPU.Build.0 = Release|Any CPU
		{3F2D8DF5-6462-A5D7-5F67-9F43C0372EE9}.Debug|Any CPU.ActiveCfg = Debug|Any CPU
		{3F2D8DF5-6462-A5D7-5F67-9F43C0372EE9}.Debug|Any CPU.Build.0 = Debug|Any CPU
		{3F2D8DF5-6462-A5D7-5F67-9F43C0372EE9}.Release|Any CPU.ActiveCfg = Release|Any CPU
		{3F2D8DF5-6462-A5D7-5F67-9F43C0372EE9}.Release|Any CPU.Build.0 = Release|Any CPU
		{63FE51E1-D0D9-F914-263D-4AC8AA2E1010}.Debug|Any CPU.ActiveCfg = Debug|Any CPU
		{63FE51E1-D0D9-F914-263D-4AC8AA2E1010}.Debug|Any CPU.Build.0 = Debug|Any CPU
		{63FE51E1-D0D9-F914-263D-4AC8AA2E1010}.Release|Any CPU.ActiveCfg = Release|Any CPU
		{63FE51E1-D0D9-F914-263D-4AC8AA2E1010}.Release|Any CPU.Build.0 = Release|Any CPU
	EndGlobalSection
	GlobalSection(SolutionProperties) = preSolution
		HideSolutionNode = FALSE
	EndGlobalSection
	GlobalSection(MonoDevelopProperties) = preSolution
		StartupItem = Assembly-CSharp.csproj
	EndGlobalSection
EndGlobal
